// !$*UTF8*$!
{
	archiveVersion = 1;
	classes = {
	};
	objectVersion = 50;
	objects = {

/* Begin PBXBuildFile section */
		3F779376243B816D00B61F05 /* AppDelegate.swift in Sources */ = {isa = PBXBuildFile; fileRef = 3F779375243B816D00B61F05 /* AppDelegate.swift */; };
		3F779378243B816D00B61F05 /* SceneDelegate.swift in Sources */ = {isa = PBXBuildFile; fileRef = 3F779377243B816D00B61F05 /* SceneDelegate.swift */; };
		3F77937F243B817400B61F05 /* Assets.xcassets in Resources */ = {isa = PBXBuildFile; fileRef = 3F77937E243B817400B61F05 /* Assets.xcassets */; };
		3F779382243B817400B61F05 /* LaunchScreen.storyboard in Resources */ = {isa = PBXBuildFile; fileRef = 3F779380243B817400B61F05 /* LaunchScreen.storyboard */; };
		3F77938A243D02A100B61F05 /* SearchVC.swift in Sources */ = {isa = PBXBuildFile; fileRef = 3F779389243D02A100B61F05 /* SearchVC.swift */; };
		3F77938C243D02D100B61F05 /* FavoritesListVC.swift in Sources */ = {isa = PBXBuildFile; fileRef = 3F77938B243D02D100B61F05 /* FavoritesListVC.swift */; };
		3F77938E243E21D900B61F05 /* GHAButton.swift in Sources */ = {isa = PBXBuildFile; fileRef = 3F77938D243E21D800B61F05 /* GHAButton.swift */; };
		3F779390243E250000B61F05 /* GHATextField.swift in Sources */ = {isa = PBXBuildFile; fileRef = 3F77938F243E250000B61F05 /* GHATextField.swift */; };
		3F779392243F951000B61F05 /* FollowerListVC.swift in Sources */ = {isa = PBXBuildFile; fileRef = 3F779391243F951000B61F05 /* FollowerListVC.swift */; };
		3F7793942440B18A00B61F05 /* GHATitleLable.swift in Sources */ = {isa = PBXBuildFile; fileRef = 3F7793932440B18A00B61F05 /* GHATitleLable.swift */; };
		3F7793962441074800B61F05 /* GHABodyLabel.swift in Sources */ = {isa = PBXBuildFile; fileRef = 3F7793952441074800B61F05 /* GHABodyLabel.swift */; };
		3F7793982441080500B61F05 /* GHAAlertVC.swift in Sources */ = {isa = PBXBuildFile; fileRef = 3F7793972441080500B61F05 /* GHAAlertVC.swift */; };
		3F77939A24410ECB00B61F05 /* UIViewController+Ext.swift in Sources */ = {isa = PBXBuildFile; fileRef = 3F77939924410ECB00B61F05 /* UIViewController+Ext.swift */; };
/* End PBXBuildFile section */

/* Begin PBXFileReference section */
		3F779372243B816C00B61F05 /* ProjectGitHubApi.app */ = {isa = PBXFileReference; explicitFileType = wrapper.application; includeInIndex = 0; path = ProjectGitHubApi.app; sourceTree = BUILT_PRODUCTS_DIR; };
		3F779375243B816D00B61F05 /* AppDelegate.swift */ = {isa = PBXFileReference; lastKnownFileType = sourcecode.swift; path = AppDelegate.swift; sourceTree = "<group>"; };
		3F779377243B816D00B61F05 /* SceneDelegate.swift */ = {isa = PBXFileReference; lastKnownFileType = sourcecode.swift; path = SceneDelegate.swift; sourceTree = "<group>"; };
		3F77937E243B817400B61F05 /* Assets.xcassets */ = {isa = PBXFileReference; lastKnownFileType = folder.assetcatalog; path = Assets.xcassets; sourceTree = "<group>"; };
		3F779381243B817400B61F05 /* Base */ = {isa = PBXFileReference; lastKnownFileType = file.storyboard; name = Base; path = Base.lproj/LaunchScreen.storyboard; sourceTree = "<group>"; };
		3F779383243B817400B61F05 /* Info.plist */ = {isa = PBXFileReference; lastKnownFileType = text.plist.xml; name = Info.plist; path = ProjectGitHubApi/Support/Info.plist; sourceTree = SOURCE_ROOT; };
		3F779389243D02A100B61F05 /* SearchVC.swift */ = {isa = PBXFileReference; lastKnownFileType = sourcecode.swift; path = SearchVC.swift; sourceTree = "<group>"; };
		3F77938B243D02D100B61F05 /* FavoritesListVC.swift */ = {isa = PBXFileReference; lastKnownFileType = sourcecode.swift; path = FavoritesListVC.swift; sourceTree = "<group>"; };
		3F77938D243E21D800B61F05 /* GHAButton.swift */ = {isa = PBXFileReference; lastKnownFileType = sourcecode.swift; path = GHAButton.swift; sourceTree = "<group>"; };
		3F77938F243E250000B61F05 /* GHATextField.swift */ = {isa = PBXFileReference; lastKnownFileType = sourcecode.swift; path = GHATextField.swift; sourceTree = "<group>"; };
		3F779391243F951000B61F05 /* FollowerListVC.swift */ = {isa = PBXFileReference; lastKnownFileType = sourcecode.swift; path = FollowerListVC.swift; sourceTree = "<group>"; };
		3F7793932440B18A00B61F05 /* GHATitleLable.swift */ = {isa = PBXFileReference; lastKnownFileType = sourcecode.swift; path = GHATitleLable.swift; sourceTree = "<group>"; };
		3F7793952441074800B61F05 /* GHABodyLabel.swift */ = {isa = PBXFileReference; lastKnownFileType = sourcecode.swift; path = GHABodyLabel.swift; sourceTree = "<group>"; };
		3F7793972441080500B61F05 /* GHAAlertVC.swift */ = {isa = PBXFileReference; lastKnownFileType = sourcecode.swift; path = GHAAlertVC.swift; sourceTree = "<group>"; };
		3F77939924410ECB00B61F05 /* UIViewController+Ext.swift */ = {isa = PBXFileReference; lastKnownFileType = sourcecode.swift; path = "UIViewController+Ext.swift"; sourceTree = "<group>"; };
/* End PBXFileReference section */

/* Begin PBXFrameworksBuildPhase section */
		3F77936F243B816C00B61F05 /* Frameworks */ = {
			isa = PBXFrameworksBuildPhase;
			buildActionMask = 2147483647;
			files = (
			);
			runOnlyForDeploymentPostprocessing = 0;
		};
/* End PBXFrameworksBuildPhase section */

/* Begin PBXGroup section */
		3F779369243B816C00B61F05 = {
			isa = PBXGroup;
			children = (
				3F779374243B816C00B61F05 /* ProjectGitHubApi */,
				3F779373243B816C00B61F05 /* Products */,
			);
			sourceTree = "<group>";
		};
		3F779373243B816C00B61F05 /* Products */ = {
			isa = PBXGroup;
			children = (
				3F779372243B816C00B61F05 /* ProjectGitHubApi.app */,
			);
			name = Products;
			sourceTree = "<group>";
		};
		3F779374243B816C00B61F05 /* ProjectGitHubApi */ = {
			isa = PBXGroup;
			children = (
				3F77939E2443462700B61F05 /* Support */,
				3F77939D244345C800B61F05 /* Extensions */,
				3F77939C2443458300B61F05 /* Custom Views */,
				3F77939B2443454600B61F05 /* Screens */,
			);
			path = ProjectGitHubApi;
			sourceTree = "<group>";
		};
		3F77939B2443454600B61F05 /* Screens */ = {
			isa = PBXGroup;
			children = (
				3F779389243D02A100B61F05 /* SearchVC.swift */,
				3F77938B243D02D100B61F05 /* FavoritesListVC.swift */,
				3F779391243F951000B61F05 /* FollowerListVC.swift */,
			);
			path = Screens;
			sourceTree = "<group>";
		};
		3F77939C2443458300B61F05 /* Custom Views */ = {
			isa = PBXGroup;
			children = (
				3F7793972441080500B61F05 /* GHAAlertVC.swift */,
				3F77938D243E21D800B61F05 /* GHAButton.swift */,
				3F77938F243E250000B61F05 /* GHATextField.swift */,
				3F7793932440B18A00B61F05 /* GHATitleLable.swift */,
				3F7793952441074800B61F05 /* GHABodyLabel.swift */,
			);
			path = "Custom Views";
			sourceTree = "<group>";
		};
		3F77939D244345C800B61F05 /* Extensions */ = {
			isa = PBXGroup;
			children = (
				3F77939924410ECB00B61F05 /* UIViewController+Ext.swift */,
			);
			path = Extensions;
			sourceTree = "<group>";
		};
		3F77939E2443462700B61F05 /* Support */ = {
			isa = PBXGroup;
			children = (
				3F779375243B816D00B61F05 /* AppDelegate.swift */,
				3F779377243B816D00B61F05 /* SceneDelegate.swift */,
				3F77937E243B817400B61F05 /* Assets.xcassets */,
				3F779380243B817400B61F05 /* LaunchScreen.storyboard */,
				3F779383243B817400B61F05 /* Info.plist */,
			);
			path = Support;
			sourceTree = "<group>";
		};
/* End PBXGroup section */

/* Begin PBXNativeTarget section */
		3F779371243B816C00B61F05 /* ProjectGitHubApi */ = {
			isa = PBXNativeTarget;
			buildConfigurationList = 3F779386243B817400B61F05 /* Build configuration list for PBXNativeTarget "ProjectGitHubApi" */;
			buildPhases = (
				3F77936E243B816C00B61F05 /* Sources */,
				3F77936F243B816C00B61F05 /* Frameworks */,
				3F779370243B816C00B61F05 /* Resources */,
			);
			buildRules = (
			);
			dependencies = (
			);
			name = ProjectGitHubApi;
			productName = ProjectGitHubApi;
			productReference = 3F779372243B816C00B61F05 /* ProjectGitHubApi.app */;
			productType = "com.apple.product-type.application";
		};
/* End PBXNativeTarget section */

/* Begin PBXProject section */
		3F77936A243B816C00B61F05 /* Project object */ = {
			isa = PBXProject;
			attributes = {
				LastSwiftUpdateCheck = 1140;
				LastUpgradeCheck = 1140;
				ORGANIZATIONNAME = "Leo Corp";
				TargetAttributes = {
					3F779371243B816C00B61F05 = {
						CreatedOnToolsVersion = 11.4;
					};
				};
			};
			buildConfigurationList = 3F77936D243B816C00B61F05 /* Build configuration list for PBXProject "ProjectGitHubApi" */;
			compatibilityVersion = "Xcode 9.3";
			developmentRegion = en;
			hasScannedForEncodings = 0;
			knownRegions = (
				en,
				Base,
			);
			mainGroup = 3F779369243B816C00B61F05;
			productRefGroup = 3F779373243B816C00B61F05 /* Products */;
			projectDirPath = "";
			projectRoot = "";
			targets = (
				3F779371243B816C00B61F05 /* ProjectGitHubApi */,
			);
		};
/* End PBXProject section */

/* Begin PBXResourcesBuildPhase section */
		3F779370243B816C00B61F05 /* Resources */ = {
			isa = PBXResourcesBuildPhase;
			buildActionMask = 2147483647;
			files = (
				3F779382243B817400B61F05 /* LaunchScreen.storyboard in Resources */,
				3F77937F243B817400B61F05 /* Assets.xcassets in Resources */,
			);
			runOnlyForDeploymentPostprocessing = 0;
		};
/* End PBXResourcesBuildPhase section */

/* Begin PBXSourcesBuildPhase section */
		3F77936E243B816C00B61F05 /* Sources */ = {
			isa = PBXSourcesBuildPhase;
			buildActionMask = 2147483647;
			files = (
				3F7793982441080500B61F05 /* GHAAlertVC.swift in Sources */,
				3F7793942440B18A00B61F05 /* GHATitleLable.swift in Sources */,
				3F77938C243D02D100B61F05 /* FavoritesListVC.swift in Sources */,
				3F77939A24410ECB00B61F05 /* UIViewController+Ext.swift in Sources */,
				3F77938A243D02A100B61F05 /* SearchVC.swift in Sources */,
				3F779376243B816D00B61F05 /* AppDelegate.swift in Sources */,
				3F779378243B816D00B61F05 /* SceneDelegate.swift in Sources */,
				3F779392243F951000B61F05 /* FollowerListVC.swift in Sources */,
				3F779390243E250000B61F05 /* GHATextField.swift in Sources */,
				3F77938E243E21D900B61F05 /* GHAButton.swift in Sources */,
				3F7793962441074800B61F05 /* GHABodyLabel.swift in Sources */,
			);
			runOnlyForDeploymentPostprocessing = 0;
		};
/* End PBXSourcesBuildPhase section */

/* Begin PBXVariantGroup section */
		3F779380243B817400B61F05 /* LaunchScreen.storyboard */ = {
			isa = PBXVariantGroup;
			children = (
				3F779381243B817400B61F05 /* Base */,
			);
			name = LaunchScreen.storyboard;
			sourceTree = "<group>";
		};
/* End PBXVariantGroup section */

/* Begin XCBuildConfiguration section */
		3F779384243B817400B61F05 /* Debug */ = {
			isa = XCBuildConfiguration;
			buildSettings = {
				ALWAYS_SEARCH_USER_PATHS = NO;
				CLANG_ANALYZER_NONNULL = YES;
				CLANG_ANALYZER_NUMBER_OBJECT_CONVERSION = YES_AGGRESSIVE;
				CLANG_CXX_LANGUAGE_STANDARD = "gnu++14";
				CLANG_CXX_LIBRARY = "libc++";
				CLANG_ENABLE_MODULES = YES;
				CLANG_ENABLE_OBJC_ARC = YES;
				CLANG_ENABLE_OBJC_WEAK = YES;
				CLANG_WARN_BLOCK_CAPTURE_AUTORELEASING = YES;
				CLANG_WARN_BOOL_CONVERSION = YES;
				CLANG_WARN_COMMA = YES;
				CLANG_WARN_CONSTANT_CONVERSION = YES;
				CLANG_WARN_DEPRECATED_OBJC_IMPLEMENTATIONS = YES;
				CLANG_WARN_DIRECT_OBJC_ISA_USAGE = YES_ERROR;
				CLANG_WARN_DOCUMENTATION_COMMENTS = YES;
				CLANG_WARN_EMPTY_BODY = YES;
				CLANG_WARN_ENUM_CONVERSION = YES;
				CLANG_WARN_INFINITE_RECURSION = YES;
				CLANG_WARN_INT_CONVERSION = YES;
				CLANG_WARN_NON_LITERAL_NULL_CONVERSION = YES;
				CLANG_WARN_OBJC_IMPLICIT_RETAIN_SELF = YES;
				CLANG_WARN_OBJC_LITERAL_CONVERSION = YES;
				CLANG_WARN_OBJC_ROOT_CLASS = YES_ERROR;
				CLANG_WARN_RANGE_LOOP_ANALYSIS = YES;
				CLANG_WARN_STRICT_PROTOTYPES = YES;
				CLANG_WARN_SUSPICIOUS_MOVE = YES;
				CLANG_WARN_UNGUARDED_AVAILABILITY = YES_AGGRESSIVE;
				CLANG_WARN_UNREACHABLE_CODE = YES;
				CLANG_WARN__DUPLICATE_METHOD_MATCH = YES;
				COPY_PHASE_STRIP = NO;
				DEBUG_INFORMATION_FORMAT = dwarf;
				ENABLE_STRICT_OBJC_MSGSEND = YES;
				ENABLE_TESTABILITY = YES;
				GCC_C_LANGUAGE_STANDARD = gnu11;
				GCC_DYNAMIC_NO_PIC = NO;
				GCC_NO_COMMON_BLOCKS = YES;
				GCC_OPTIMIZATION_LEVEL = 0;
				GCC_PREPROCESSOR_DEFINITIONS = (
					"DEBUG=1",
					"$(inherited)",
				);
				GCC_WARN_64_TO_32_BIT_CONVERSION = YES;
				GCC_WARN_ABOUT_RETURN_TYPE = YES_ERROR;
				GCC_WARN_UNDECLARED_SELECTOR = YES;
				GCC_WARN_UNINITIALIZED_AUTOS = YES_AGGRESSIVE;
				GCC_WARN_UNUSED_FUNCTION = YES;
				GCC_WARN_UNUSED_VARIABLE = YES;
				IPHONEOS_DEPLOYMENT_TARGET = 13.4;
				MTL_ENABLE_DEBUG_INFO = INCLUDE_SOURCE;
				MTL_FAST_MATH = YES;
				ONLY_ACTIVE_ARCH = YES;
				SDKROOT = iphoneos;
				SWIFT_ACTIVE_COMPILATION_CONDITIONS = DEBUG;
				SWIFT_OPTIMIZATION_LEVEL = "-Onone";
			};
			name = Debug;
		};
		3F779385243B817400B61F05 /* Release */ = {
			isa = XCBuildConfiguration;
			buildSettings = {
				ALWAYS_SEARCH_USER_PATHS = NO;
				CLANG_ANALYZER_NONNULL = YES;
				CLANG_ANALYZER_NUMBER_OBJECT_CONVERSION = YES_AGGRESSIVE;
				CLANG_CXX_LANGUAGE_STANDARD = "gnu++14";
				CLANG_CXX_LIBRARY = "libc++";
				CLANG_ENABLE_MODULES = YES;
				CLANG_ENABLE_OBJC_ARC = YES;
				CLANG_ENABLE_OBJC_WEAK = YES;
				CLANG_WARN_BLOCK_CAPTURE_AUTORELEASING = YES;
				CLANG_WARN_BOOL_CONVERSION = YES;
				CLANG_WARN_COMMA = YES;
				CLANG_WARN_CONSTANT_CONVERSION = YES;
				CLANG_WARN_DEPRECATED_OBJC_IMPLEMENTATIONS = YES;
				CLANG_WARN_DIRECT_OBJC_ISA_USAGE = YES_ERROR;
				CLANG_WARN_DOCUMENTATION_COMMENTS = YES;
				CLANG_WARN_EMPTY_BODY = YES;
				CLANG_WARN_ENUM_CONVERSION = YES;
				CLANG_WARN_INFINITE_RECURSION = YES;
				CLANG_WARN_INT_CONVERSION = YES;
				CLANG_WARN_NON_LITERAL_NULL_CONVERSION = YES;
				CLANG_WARN_OBJC_IMPLICIT_RETAIN_SELF = YES;
				CLANG_WARN_OBJC_LITERAL_CONVERSION = YES;
				CLANG_WARN_OBJC_ROOT_CLASS = YES_ERROR;
				CLANG_WARN_RANGE_LOOP_ANALYSIS = YES;
				CLANG_WARN_STRICT_PROTOTYPES = YES;
				CLANG_WARN_SUSPICIOUS_MOVE = YES;
				CLANG_WARN_UNGUARDED_AVAILABILITY = YES_AGGRESSIVE;
				CLANG_WARN_UNREACHABLE_CODE = YES;
				CLANG_WARN__DUPLICATE_METHOD_MATCH = YES;
				COPY_PHASE_STRIP = NO;
				DEBUG_INFORMATION_FORMAT = "dwarf-with-dsym";
				ENABLE_NS_ASSERTIONS = NO;
				ENABLE_STRICT_OBJC_MSGSEND = YES;
				GCC_C_LANGUAGE_STANDARD = gnu11;
				GCC_NO_COMMON_BLOCKS = YES;
				GCC_WARN_64_TO_32_BIT_CONVERSION = YES;
				GCC_WARN_ABOUT_RETURN_TYPE = YES_ERROR;
				GCC_WARN_UNDECLARED_SELECTOR = YES;
				GCC_WARN_UNINITIALIZED_AUTOS = YES_AGGRESSIVE;
				GCC_WARN_UNUSED_FUNCTION = YES;
				GCC_WARN_UNUSED_VARIABLE = YES;
				IPHONEOS_DEPLOYMENT_TARGET = 13.4;
				MTL_ENABLE_DEBUG_INFO = NO;
				MTL_FAST_MATH = YES;
				SDKROOT = iphoneos;
				SWIFT_COMPILATION_MODE = wholemodule;
				SWIFT_OPTIMIZATION_LEVEL = "-O";
				VALIDATE_PRODUCT = YES;
			};
			name = Release;
		};
		3F779387243B817400B61F05 /* Debug */ = {
			isa = XCBuildConfiguration;
			buildSettings = {
				ASSETCATALOG_COMPILER_APPICON_NAME = AppIcon;
				CODE_SIGN_STYLE = Automatic;
				DEVELOPMENT_TEAM = V53CJ86VCG;
				INFOPLIST_FILE = ProjectGitHubApi/Support/Info.plist;
				LD_RUNPATH_SEARCH_PATHS = (
					"$(inherited)",
					"@executable_path/Frameworks",
				);
				PRODUCT_BUNDLE_IDENTIFIER = com.examples.ProjectGitHubApi;
				PRODUCT_NAME = "$(TARGET_NAME)";
				SWIFT_VERSION = 5.0;
				TARGETED_DEVICE_FAMILY = 1;
			};
			name = Debug;
		};
		3F779388243B817400B61F05 /* Release */ = {
			isa = XCBuildConfiguration;
			buildSettings = {
				ASSETCATALOG_COMPILER_APPICON_NAME = AppIcon;
				CODE_SIGN_STYLE = Automatic;
				DEVELOPMENT_TEAM = V53CJ86VCG;
				INFOPLIST_FILE = ProjectGitHubApi/Support/Info.plist;
				LD_RUNPATH_SEARCH_PATHS = (
					"$(inherited)",
					"@executable_path/Frameworks",
				);
				PRODUCT_BUNDLE_IDENTIFIER = com.examples.ProjectGitHubApi;
				PRODUCT_NAME = "$(TARGET_NAME)";
				SWIFT_VERSION = 5.0;
				TARGETED_DEVICE_FAMILY = 1;
			};
			name = Release;
		};
/* End XCBuildConfiguration section */

/* Begin XCConfigurationList section */
		3F77936D243B816C00B61F05 /* Build configuration list for PBXProject "ProjectGitHubApi" */ = {
			isa = XCConfigurationList;
			buildConfigurations = (
				3F779384243B817400B61F05 /* Debug */,
				3F779385243B817400B61F05 /* Release */,
			);
			defaultConfigurationIsVisible = 0;
			defaultConfigurationName = Release;
		};
		3F779386243B817400B61F05 /* Build configuration list for PBXNativeTarget "ProjectGitHubApi" */ = {
			isa = XCConfigurationList;
			buildConfigurations = (
				3F779387243B817400B61F05 /* Debug */,
				3F779388243B817400B61F05 /* Release */,
			);
			defaultConfigurationIsVisible = 0;
			defaultConfigurationName = Release;
		};
/* End XCConfigurationList section */
	};
	rootObject = 3F77936A243B816C00B61F05 /* Project object */;
}
